{
  "name": "chartjs-compat-fixture",
  "version": "0.0.0",
  "lockfileVersion": 3,
  "requires": true,
  "packages": {
    "": {
      "name": "chartjs-compat-fixture",
      "version": "0.0.0",
      "devDependencies": {
        "@kurkle/color": "file:../..",
        "chart.js": "4.5.1",
        "typescript": "^6.0.3"
      }
    },
    "../..": {
      "name": "@kurkle/color",
      "version": "0.0.0-development",
      "dev": true,
      "license": "MIT",
      "devDependencies": {
        "@biomejs/biome": "^2.5.12",
        "@kurkle/configs": "^1.1.1",
        "@vitest/coverage-v8": "^5.0.0",
        "color-name": "^2.0.0",
        "esbuild": "^0.28.2",
        "esbuild-visualizer": "^0.7.0",
        "semantic-release": "^25.0.9",
        "typedoc": "^0.28.5",
        "typescript": "^6.0.3",
        "vitest": "^5.0.0"
      }
    },
    "node_modules/@kurkle/color": {
      "resolved": "../..",
      "link": true
    },
    "node_modules/chart.js": {
      "version": "4.5.1",
      "resolved": "https://registry.npmjs.org/chart.js/-/chart.js-4.5.1.tgz",
      "integrity": "sha512-GIjfiT9dbmHRiYi6Nl2yFCq7kkwdkp1W/lp2J99rX0yo9tgJGn3lKQATztIjb5tVtevcBtIdICNWqlq5+E8/Pw==",
      "dev": true,
      "license": "MIT",
      "dependencies": {
        "@kurkle/color": "^0.3.0"
      },
      "engines": {
        "pnpm": ">=8"
      }
    },
    "node_modules/typescript": {
      "version": "6.0.3",
      "resolved": "https://registry.npmjs.org/typescript/-/typescript-6.0.3.tgz",
      "integrity": "sha512-y2TvuxSZPDyQakkFRPZHKFm+KKVqIisdg9/CZwm9ftvKXLP8NRWj38/ODjNbr43SsoXqNuAisEf1GdCxqWcdBw==",
      "dev": true,
      "license": "Apache-2.0",
      "bin": {
        "tsc": "bin/tsc",
        "tsserver": "bin/tsserver"
      },
      "engines": {
        "node": ">=14.17"
      }
    }
  }
}
